
Microsoft Visual Studio Solution File, Format Version 12.00
# Visual Studio Version 17
VisualStudioVersion = 17.4.33213.308
MinimumVisualStudioVersion = 10.0.40219.1
Project("{FAE04EC0-301F-11D3-BF4B-00C04F79EFBC}") = "SnakeServerTeszt", "SnakeServerTeszt\SnakeServerTeszt.csproj", "{176EE75D-D2F3-4395-A805-D2AC83642B86}"
EndProject
Global
	GlobalSection(SolutionConfigurationPlatforms) = preSolution
		Debug|Any CPU = Debug|Any CPU
		Release|Any CPU = Release|Any CPU
	EndGlobalSection
	GlobalSection(ProjectConfigurationPlatforms) = postSolution
		{176EE75D-D2F3-4395-A805-D2AC83642B86}.Debug|Any CPU.ActiveCfg = Debug|Any CPU
		{176EE75D-D2F3-4395-A805-D2AC83642B86}.Debug|Any CPU.Build.0 = Debug|Any CPU
		{176EE75D-D2F3-4395-A805-D2AC83642B86}.Release|Any CPU.ActiveCfg = Release|Any CPU
		{176EE75D-D2F3-4395-A805-D2AC83642B86}.Release|Any CPU.Build.0 = Release|Any CPU
	EndGlobalSection
	GlobalSection(SolutionProperties) = preSolution
		HideSolutionNode = FALSE
	EndGlobalSection
	GlobalSection(ExtensibilityGlobals) = postSolution
		SolutionGuid = {724EF186-0F57-43C5-BF13-C85B6EB0F0B3}
	EndGlobalSection
EndGlobal
