
Microsoft Visual Studio Solution File, Format Version 12.00
# Visual Studio Version 17
VisualStudioVersion = 17.3.32825.248
MinimumVisualStudioVersion = 10.0.40219.1
Project("{FAE04EC0-301F-11D3-BF4B-00C04F79EFBC}") = "TombEljaras", "TombEljaras\TombEljaras.csproj", "{D5C5BAA4-B0E9-4651-B5B7-8E6D2391778E}"
EndProject
Project("{FAE04EC0-301F-11D3-BF4B-00C04F79EFBC}") = "OtosLotto", "OtosLotto\OtosLotto.csproj", "{3F631330-0CDC-4A22-B294-4231A451E36A}"
EndProject
Project("{FAE04EC0-301F-11D3-BF4B-00C04F79EFBC}") = "OtosLottoHalmazzal", "OtosLottoHalmazzal\OtosLottoHalmazzal.csproj", "{617D2544-9437-4026-BFAF-575635A11CEA}"
EndProject
Project("{FAE04EC0-301F-11D3-BF4B-00C04F79EFBC}") = "HalmazMuveletek", "HalmazMuveletek\HalmazMuveletek.csproj", "{9DB01315-C0D6-4E8B-A02B-0DCD20EA490E}"
EndProject
Global
	GlobalSection(SolutionConfigurationPlatforms) = preSolution
		Debug|Any CPU = Debug|Any CPU
		Release|Any CPU = Release|Any CPU
	EndGlobalSection
	GlobalSection(ProjectConfigurationPlatforms) = postSolution
		{D5C5BAA4-B0E9-4651-B5B7-8E6D2391778E}.Debug|Any CPU.ActiveCfg = Debug|Any CPU
		{D5C5BAA4-B0E9-4651-B5B7-8E6D2391778E}.Debug|Any CPU.Build.0 = Debug|Any CPU
		{D5C5BAA4-B0E9-4651-B5B7-8E6D2391778E}.Release|Any CPU.ActiveCfg = Release|Any CPU
		{D5C5BAA4-B0E9-4651-B5B7-8E6D2391778E}.Release|Any CPU.Build.0 = Release|Any CPU
		{3F631330-0CDC-4A22-B294-4231A451E36A}.Debug|Any CPU.ActiveCfg = Debug|Any CPU
		{3F631330-0CDC-4A22-B294-4231A451E36A}.Debug|Any CPU.Build.0 = Debug|Any CPU
		{3F631330-0CDC-4A22-B294-4231A451E36A}.Release|Any CPU.ActiveCfg = Release|Any CPU
		{3F631330-0CDC-4A22-B294-4231A451E36A}.Release|Any CPU.Build.0 = Release|Any CPU
		{617D2544-9437-4026-BFAF-575635A11CEA}.Debug|Any CPU.ActiveCfg = Debug|Any CPU
		{617D2544-9437-4026-BFAF-575635A11CEA}.Debug|Any CPU.Build.0 = Debug|Any CPU
		{617D2544-9437-4026-BFAF-575635A11CEA}.Release|Any CPU.ActiveCfg = Release|Any CPU
		{617D2544-9437-4026-BFAF-575635A11CEA}.Release|Any CPU.Build.0 = Release|Any CPU
		{9DB01315-C0D6-4E8B-A02B-0DCD20EA490E}.Debug|Any CPU.ActiveCfg = Debug|Any CPU
		{9DB01315-C0D6-4E8B-A02B-0DCD20EA490E}.Debug|Any CPU.Build.0 = Debug|Any CPU
		{9DB01315-C0D6-4E8B-A02B-0DCD20EA490E}.Release|Any CPU.ActiveCfg = Release|Any CPU
		{9DB01315-C0D6-4E8B-A02B-0DCD20EA490E}.Release|Any CPU.Build.0 = Release|Any CPU
	EndGlobalSection
	GlobalSection(SolutionProperties) = preSolution
		HideSolutionNode = FALSE
	EndGlobalSection
	GlobalSection(ExtensibilityGlobals) = postSolution
		SolutionGuid = {879B7605-EB7C-42DD-8D65-7F58A5CC3B94}
	EndGlobalSection
EndGlobal
