
Microsoft Visual Studio Solution File, Format Version 12.00
# Visual Studio Version 17
VisualStudioVersion = 17.4.33213.308
MinimumVisualStudioVersion = 10.0.40219.1
Project("{FAE04EC0-301F-11D3-BF4B-00C04F79EFBC}") = "SnakeServer", "SnakeServer\SnakeServer.csproj", "{3963BF75-9F69-4962-8F8F-6051348CE66C}"
EndProject
Global
	GlobalSection(SolutionConfigurationPlatforms) = preSolution
		Debug|Any CPU = Debug|Any CPU
		Release|Any CPU = Release|Any CPU
	EndGlobalSection
	GlobalSection(ProjectConfigurationPlatforms) = postSolution
		{3963BF75-9F69-4962-8F8F-6051348CE66C}.Debug|Any CPU.ActiveCfg = Debug|Any CPU
		{3963BF75-9F69-4962-8F8F-6051348CE66C}.Debug|Any CPU.Build.0 = Debug|Any CPU
		{3963BF75-9F69-4962-8F8F-6051348CE66C}.Release|Any CPU.ActiveCfg = Release|Any CPU
		{3963BF75-9F69-4962-8F8F-6051348CE66C}.Release|Any CPU.Build.0 = Release|Any CPU
	EndGlobalSection
	GlobalSection(SolutionProperties) = preSolution
		HideSolutionNode = FALSE
	EndGlobalSection
	GlobalSection(ExtensibilityGlobals) = postSolution
		SolutionGuid = {12558652-C93B-4874-86F1-13F72E7E86AE}
	EndGlobalSection
EndGlobal
