
Microsoft Visual Studio Solution File, Format Version 12.00
# Visual Studio Version 17
VisualStudioVersion = 17.3.32825.248
MinimumVisualStudioVersion = 10.0.40219.1
Project("{FAE04EC0-301F-11D3-BF4B-00C04F79EFBC}") = "enum", "enum\enum.csproj", "{7EF63406-3B97-4EFE-941B-6A3FF42CDC6C}"
EndProject
Project("{FAE04EC0-301F-11D3-BF4B-00C04F79EFBC}") = "ArrayLista", "ArrayList\ArrayLista.csproj", "{C7B58520-6FF0-4C13-9F65-0585D86F9D3D}"
EndProject
Project("{FAE04EC0-301F-11D3-BF4B-00C04F79EFBC}") = "TryParseXD", "TryParseXD\TryParseXD.csproj", "{F8FFA20A-FB41-4FE4-A840-EC94AC77E4F0}"
EndProject
Project("{FAE04EC0-301F-11D3-BF4B-00C04F79EFBC}") = "TryKeccs", "TryKeccs\TryKeccs.csproj", "{F56A1D37-241D-4E10-9891-B87A1549DBF1}"
EndProject
Project("{FAE04EC0-301F-11D3-BF4B-00C04F79EFBC}") = "KisProgram", "KisProgram\KisProgram.csproj", "{5B9E6064-DF6D-44AA-A50E-72ADBE71D11F}"
EndProject
Global
	GlobalSection(SolutionConfigurationPlatforms) = preSolution
		Debug|Any CPU = Debug|Any CPU
		Release|Any CPU = Release|Any CPU
	EndGlobalSection
	GlobalSection(ProjectConfigurationPlatforms) = postSolution
		{7EF63406-3B97-4EFE-941B-6A3FF42CDC6C}.Debug|Any CPU.ActiveCfg = Debug|Any CPU
		{7EF63406-3B97-4EFE-941B-6A3FF42CDC6C}.Debug|Any CPU.Build.0 = Debug|Any CPU
		{7EF63406-3B97-4EFE-941B-6A3FF42CDC6C}.Release|Any CPU.ActiveCfg = Release|Any CPU
		{7EF63406-3B97-4EFE-941B-6A3FF42CDC6C}.Release|Any CPU.Build.0 = Release|Any CPU
		{C7B58520-6FF0-4C13-9F65-0585D86F9D3D}.Debug|Any CPU.ActiveCfg = Debug|Any CPU
		{C7B58520-6FF0-4C13-9F65-0585D86F9D3D}.Debug|Any CPU.Build.0 = Debug|Any CPU
		{C7B58520-6FF0-4C13-9F65-0585D86F9D3D}.Release|Any CPU.ActiveCfg = Release|Any CPU
		{C7B58520-6FF0-4C13-9F65-0585D86F9D3D}.Release|Any CPU.Build.0 = Release|Any CPU
		{F8FFA20A-FB41-4FE4-A840-EC94AC77E4F0}.Debug|Any CPU.ActiveCfg = Debug|Any CPU
		{F8FFA20A-FB41-4FE4-A840-EC94AC77E4F0}.Debug|Any CPU.Build.0 = Debug|Any CPU
		{F8FFA20A-FB41-4FE4-A840-EC94AC77E4F0}.Release|Any CPU.ActiveCfg = Release|Any CPU
		{F8FFA20A-FB41-4FE4-A840-EC94AC77E4F0}.Release|Any CPU.Build.0 = Release|Any CPU
		{F56A1D37-241D-4E10-9891-B87A1549DBF1}.Debug|Any CPU.ActiveCfg = Debug|Any CPU
		{F56A1D37-241D-4E10-9891-B87A1549DBF1}.Debug|Any CPU.Build.0 = Debug|Any CPU
		{F56A1D37-241D-4E10-9891-B87A1549DBF1}.Release|Any CPU.ActiveCfg = Release|Any CPU
		{F56A1D37-241D-4E10-9891-B87A1549DBF1}.Release|Any CPU.Build.0 = Release|Any CPU
		{5B9E6064-DF6D-44AA-A50E-72ADBE71D11F}.Debug|Any CPU.ActiveCfg = Debug|Any CPU
		{5B9E6064-DF6D-44AA-A50E-72ADBE71D11F}.Debug|Any CPU.Build.0 = Debug|Any CPU
		{5B9E6064-DF6D-44AA-A50E-72ADBE71D11F}.Release|Any CPU.ActiveCfg = Release|Any CPU
		{5B9E6064-DF6D-44AA-A50E-72ADBE71D11F}.Release|Any CPU.Build.0 = Release|Any CPU
	EndGlobalSection
	GlobalSection(SolutionProperties) = preSolution
		HideSolutionNode = FALSE
	EndGlobalSection
	GlobalSection(ExtensibilityGlobals) = postSolution
		SolutionGuid = {0BC10028-0550-43A2-99A6-0081085824A0}
	EndGlobalSection
EndGlobal
