
Microsoft Visual Studio Solution File, Format Version 12.00
# Visual Studio Version 17
VisualStudioVersion = 17.3.32825.248
MinimumVisualStudioVersion = 10.0.40219.1
Project("{FAE04EC0-301F-11D3-BF4B-00C04F79EFBC}") = "EljarasokIsmetles", "EljarasokIsmetles\EljarasokIsmetles.csproj", "{99AA06BA-D0A7-4079-A24D-B2EB2E76D311}"
EndProject
Project("{FAE04EC0-301F-11D3-BF4B-00C04F79EFBC}") = "FuggvenyekIsmetles", "FuggvenyekIsmetles\FuggvenyekIsmetles.csproj", "{58AEE0C2-8784-4EBA-AF5D-930A77585383}"
EndProject
Global
	GlobalSection(SolutionConfigurationPlatforms) = preSolution
		Debug|Any CPU = Debug|Any CPU
		Release|Any CPU = Release|Any CPU
	EndGlobalSection
	GlobalSection(ProjectConfigurationPlatforms) = postSolution
		{99AA06BA-D0A7-4079-A24D-B2EB2E76D311}.Debug|Any CPU.ActiveCfg = Debug|Any CPU
		{99AA06BA-D0A7-4079-A24D-B2EB2E76D311}.Debug|Any CPU.Build.0 = Debug|Any CPU
		{99AA06BA-D0A7-4079-A24D-B2EB2E76D311}.Release|Any CPU.ActiveCfg = Release|Any CPU
		{99AA06BA-D0A7-4079-A24D-B2EB2E76D311}.Release|Any CPU.Build.0 = Release|Any CPU
		{58AEE0C2-8784-4EBA-AF5D-930A77585383}.Debug|Any CPU.ActiveCfg = Debug|Any CPU
		{58AEE0C2-8784-4EBA-AF5D-930A77585383}.Debug|Any CPU.Build.0 = Debug|Any CPU
		{58AEE0C2-8784-4EBA-AF5D-930A77585383}.Release|Any CPU.ActiveCfg = Release|Any CPU
		{58AEE0C2-8784-4EBA-AF5D-930A77585383}.Release|Any CPU.Build.0 = Release|Any CPU
	EndGlobalSection
	GlobalSection(SolutionProperties) = preSolution
		HideSolutionNode = FALSE
	EndGlobalSection
	GlobalSection(ExtensibilityGlobals) = postSolution
		SolutionGuid = {80DC94A6-AC77-4156-8629-20AEADDCF1A2}
	EndGlobalSection
EndGlobal
