
Microsoft Visual Studio Solution File, Format Version 12.00
# Visual Studio Version 17
VisualStudioVersion = 17.3.32825.248
MinimumVisualStudioVersion = 10.0.40219.1
Project("{FAE04EC0-301F-11D3-BF4B-00C04F79EFBC}") = "KivetelKezeles_TryCatch01", "KivetelKezeles_TryCatch01\KivetelKezeles_TryCatch01.csproj", "{3353ED42-0996-41A3-BF4D-3E5E8A575B2F}"
EndProject
Project("{FAE04EC0-301F-11D3-BF4B-00C04F79EFBC}") = "KivetelKezeles_TryCatch02", "KivetelKezeles_TryCatch02\KivetelKezeles_TryCatch02.csproj", "{38B0ECBF-E159-48B5-A12B-58E50A3BCC49}"
EndProject
Project("{FAE04EC0-301F-11D3-BF4B-00C04F79EFBC}") = "KivételKezeles_Struct", "KivételKezeles_Struct\KivételKezeles_Struct.csproj", "{387C437D-B6A4-49D8-9A6C-FEF15FA08836}"
EndProject
Global
	GlobalSection(SolutionConfigurationPlatforms) = preSolution
		Debug|Any CPU = Debug|Any CPU
		Release|Any CPU = Release|Any CPU
	EndGlobalSection
	GlobalSection(ProjectConfigurationPlatforms) = postSolution
		{3353ED42-0996-41A3-BF4D-3E5E8A575B2F}.Debug|Any CPU.ActiveCfg = Debug|Any CPU
		{3353ED42-0996-41A3-BF4D-3E5E8A575B2F}.Debug|Any CPU.Build.0 = Debug|Any CPU
		{3353ED42-0996-41A3-BF4D-3E5E8A575B2F}.Release|Any CPU.ActiveCfg = Release|Any CPU
		{3353ED42-0996-41A3-BF4D-3E5E8A575B2F}.Release|Any CPU.Build.0 = Release|Any CPU
		{38B0ECBF-E159-48B5-A12B-58E50A3BCC49}.Debug|Any CPU.ActiveCfg = Debug|Any CPU
		{38B0ECBF-E159-48B5-A12B-58E50A3BCC49}.Debug|Any CPU.Build.0 = Debug|Any CPU
		{38B0ECBF-E159-48B5-A12B-58E50A3BCC49}.Release|Any CPU.ActiveCfg = Release|Any CPU
		{38B0ECBF-E159-48B5-A12B-58E50A3BCC49}.Release|Any CPU.Build.0 = Release|Any CPU
		{387C437D-B6A4-49D8-9A6C-FEF15FA08836}.Debug|Any CPU.ActiveCfg = Debug|Any CPU
		{387C437D-B6A4-49D8-9A6C-FEF15FA08836}.Debug|Any CPU.Build.0 = Debug|Any CPU
		{387C437D-B6A4-49D8-9A6C-FEF15FA08836}.Release|Any CPU.ActiveCfg = Release|Any CPU
		{387C437D-B6A4-49D8-9A6C-FEF15FA08836}.Release|Any CPU.Build.0 = Release|Any CPU
	EndGlobalSection
	GlobalSection(SolutionProperties) = preSolution
		HideSolutionNode = FALSE
	EndGlobalSection
	GlobalSection(ExtensibilityGlobals) = postSolution
		SolutionGuid = {9757D820-D7BA-4EAE-8D7A-D1491BD390F3}
	EndGlobalSection
EndGlobal
