
Microsoft Visual Studio Solution File, Format Version 12.00
# Visual Studio Version 17
VisualStudioVersion = 17.3.32825.248
MinimumVisualStudioVersion = 10.0.40219.1
Project("{FAE04EC0-301F-11D3-BF4B-00C04F79EFBC}") = "Tipusok", "Tipusok\Tipusok.csproj", "{C4F05506-2DDB-4D97-BB40-A61270670046}"
EndProject
Project("{FAE04EC0-301F-11D3-BF4B-00C04F79EFBC}") = "Operatorok", "Operatorok\Operatorok.csproj", "{7453364A-8506-4568-A1E3-F408099A5B5C}"
EndProject
Global
	GlobalSection(SolutionConfigurationPlatforms) = preSolution
		Debug|Any CPU = Debug|Any CPU
		Release|Any CPU = Release|Any CPU
	EndGlobalSection
	GlobalSection(ProjectConfigurationPlatforms) = postSolution
		{C4F05506-2DDB-4D97-BB40-A61270670046}.Debug|Any CPU.ActiveCfg = Debug|Any CPU
		{C4F05506-2DDB-4D97-BB40-A61270670046}.Debug|Any CPU.Build.0 = Debug|Any CPU
		{C4F05506-2DDB-4D97-BB40-A61270670046}.Release|Any CPU.ActiveCfg = Release|Any CPU
		{C4F05506-2DDB-4D97-BB40-A61270670046}.Release|Any CPU.Build.0 = Release|Any CPU
		{7453364A-8506-4568-A1E3-F408099A5B5C}.Debug|Any CPU.ActiveCfg = Debug|Any CPU
		{7453364A-8506-4568-A1E3-F408099A5B5C}.Debug|Any CPU.Build.0 = Debug|Any CPU
		{7453364A-8506-4568-A1E3-F408099A5B5C}.Release|Any CPU.ActiveCfg = Release|Any CPU
		{7453364A-8506-4568-A1E3-F408099A5B5C}.Release|Any CPU.Build.0 = Release|Any CPU
	EndGlobalSection
	GlobalSection(SolutionProperties) = preSolution
		HideSolutionNode = FALSE
	EndGlobalSection
	GlobalSection(ExtensibilityGlobals) = postSolution
		SolutionGuid = {E6FEC6B2-3F2D-4029-A504-242B5D7C117C}
	EndGlobalSection
EndGlobal
